<?xml version="1.0" encoding="UTF-8" standalone="yes" ?>
<CodeBlocks_project_file>
	<FileVersion major="1" minor="6" />
	<Project>
		<Option title="Bad Trip" />
		<Option pch_mode="2" />
		<Option compiler="gcc" />
		<Build>
			<Target title="Debug">
				<Option output="bin/Debug/Bad Trip" prefix_auto="1" extension_auto="1" />
				<Option object_output="obj/Debug/" />
				<Option type="1" />
				<Option compiler="gcc" />
				<Compiler>
					<Add option="-g" />
				</Compiler>
			</Target>
			<Target title="Release">
				<Option output="bin/Release/Bad Trip" prefix_auto="1" extension_auto="1" />
				<Option object_output="obj/Release/" />
				<Option type="1" />
				<Option compiler="gcc" />
				<Compiler>
					<Add option="-O2" />
				</Compiler>
				<Linker>
					<Add option="-s" />
				</Linker>
			</Target>
		</Build>
		<Compiler>
			<Add option="-Wall" />
		</Compiler>
		<Unit filename="Makefile" />
		<Unit filename="Makefile.sysinternals" />
		<Unit filename="analyze" />
		<Unit filename="include/ansi.h" />
		<Unit filename="include/channels.h" />
		<Unit filename="include/character.h" />
		<Unit filename="include/combat_roll.h" />
		<Unit filename="include/db.h" />
		<Unit filename="include/find.h" />
		<Unit filename="include/interp.h" />
		<Unit filename="include/libfile.h" />
		<Unit filename="include/lookup.h" />
		<Unit filename="include/magic.h" />
		<Unit filename="include/merc.h" />
		<Unit filename="include/mob_cmds.h" />
		<Unit filename="include/olc.h" />
		<Unit filename="include/recycle.h" />
		<Unit filename="include/script.h" />
		<Unit filename="include/security.h" />
		<Unit filename="include/skills.h" />
		<Unit filename="include/sysinternals.h" />
		<Unit filename="include/tables.h" />
		<Unit filename="include/telnet.h" />
		<Unit filename="include/unique.h" />
		<Unit filename="include/utility.h" />
		<Unit filename="src/act_combat.c">
			<Option compilerVar="CC" />
		</Unit>
		<Unit filename="src/act_comm.c">
			<Option compilerVar="CC" />
		</Unit>
		<Unit filename="src/act_enter.c">
			<Option compilerVar="CC" />
		</Unit>
		<Unit filename="src/act_info.c">
			<Option compilerVar="CC" />
		</Unit>
		<Unit filename="src/act_move.c">
			<Option compilerVar="CC" />
		</Unit>
		<Unit filename="src/act_obj.c">
			<Option compilerVar="CC" />
		</Unit>
		<Unit filename="src/act_wiz.c">
			<Option compilerVar="CC" />
		</Unit>
		<Unit filename="src/affects.c">
			<Option compilerVar="CC" />
		</Unit>
		<Unit filename="src/alias.c">
			<Option compilerVar="CC" />
		</Unit>
		<Unit filename="src/at.c">
			<Option compilerVar="CC" />
		</Unit>
		<Unit filename="src/auction.c">
			<Option compilerVar="CC" />
		</Unit>
		<Unit filename="src/ban.c">
			<Option compilerVar="CC" />
		</Unit>
		<Unit filename="src/bank.c">
			<Option compilerVar="CC" />
		</Unit>
		<Unit filename="src/bfield.c">
			<Option compilerVar="CC" />
		</Unit>
		<Unit filename="src/bit.c">
			<Option compilerVar="CC" />
		</Unit>
		<Unit filename="src/character.c">
			<Option compilerVar="CC" />
		</Unit>
		<Unit filename="src/combat_roll.c">
			<Option compilerVar="CC" />
		</Unit>
		<Unit filename="src/comm.c">
			<Option compilerVar="CC" />
		</Unit>
		<Unit filename="src/const.c">
			<Option compilerVar="CC" />
		</Unit>
		<Unit filename="src/db.c">
			<Option compilerVar="CC" />
		</Unit>
		<Unit filename="src/disable.c">
			<Option compilerVar="CC" />
		</Unit>
		<Unit filename="src/effects.c">
			<Option compilerVar="CC" />
		</Unit>
		<Unit filename="src/enchant.c">
			<Option compilerVar="CC" />
		</Unit>
		<Unit filename="src/fight.c">
			<Option compilerVar="CC" />
		</Unit>
		<Unit filename="src/find.c">
			<Option compilerVar="CC" />
		</Unit>
		<Unit filename="src/flags.c">
			<Option compilerVar="CC" />
		</Unit>
		<Unit filename="src/for.c">
			<Option compilerVar="CC" />
		</Unit>
		<Unit filename="src/handler.c">
			<Option compilerVar="CC" />
		</Unit>
		<Unit filename="src/healer.c">
			<Option compilerVar="CC" />
		</Unit>
		<Unit filename="src/help.c">
			<Option compilerVar="CC" />
		</Unit>
		<Unit filename="src/imprint.c">
			<Option compilerVar="CC" />
		</Unit>
		<Unit filename="src/interp.c">
			<Option compilerVar="CC" />
		</Unit>
		<Unit filename="src/libfile.c">
			<Option compilerVar="CC" />
		</Unit>
		<Unit filename="src/logging.c">
			<Option compilerVar="CC" />
		</Unit>
		<Unit filename="src/lookup.c">
			<Option compilerVar="CC" />
		</Unit>
		<Unit filename="src/magic.c">
			<Option compilerVar="CC" />
		</Unit>
		<Unit filename="src/main.c">
			<Option compilerVar="CC" />
		</Unit>
		<Unit filename="src/mem.c">
			<Option compilerVar="CC" />
		</Unit>
		<Unit filename="src/mob_cmds.c">
			<Option compilerVar="CC" />
		</Unit>
		<Unit filename="src/mob_prog.c">
			<Option compilerVar="CC" />
		</Unit>
		<Unit filename="src/mobs.c">
			<Option compilerVar="CC" />
		</Unit>
		<Unit filename="src/nanny.c">
			<Option compilerVar="CC" />
		</Unit>
		<Unit filename="src/nickname.c">
			<Option compilerVar="CC" />
		</Unit>
		<Unit filename="src/note.c">
			<Option compilerVar="CC" />
		</Unit>
		<Unit filename="src/olc/olc.c">
			<Option compilerVar="CC" />
		</Unit>
		<Unit filename="src/olc/olc_areas.c">
			<Option compilerVar="CC" />
		</Unit>
		<Unit filename="src/olc/olc_groups.c">
			<Option compilerVar="CC" />
		</Unit>
		<Unit filename="src/olc/olc_helps.c">
			<Option compilerVar="CC" />
		</Unit>
		<Unit filename="src/olc/olc_mobs.c">
			<Option compilerVar="CC" />
		</Unit>
		<Unit filename="src/olc/olc_objects.c">
			<Option compilerVar="CC" />
		</Unit>
		<Unit filename="src/olc/olc_progs.c">
			<Option compilerVar="CC" />
		</Unit>
		<Unit filename="src/olc/olc_rooms.c">
			<Option compilerVar="CC" />
		</Unit>
		<Unit filename="src/olc/olc_save.c">
			<Option compilerVar="CC" />
		</Unit>
		<Unit filename="src/olc/olc_skills.c">
			<Option compilerVar="CC" />
		</Unit>
		<Unit filename="src/olc/string.c">
			<Option compilerVar="CC" />
		</Unit>
		<Unit filename="src/ovnum.c">
			<Option compilerVar="CC" />
		</Unit>
		<Unit filename="src/query.c">
			<Option compilerVar="CC" />
		</Unit>
		<Unit filename="src/race.c">
			<Option compilerVar="CC" />
		</Unit>
		<Unit filename="src/random.c">
			<Option compilerVar="CC" />
		</Unit>
		<Unit filename="src/recycle.c">
			<Option compilerVar="CC" />
		</Unit>
		<Unit filename="src/repair.c">
			<Option compilerVar="CC" />
		</Unit>
		<Unit filename="src/restring.c">
			<Option compilerVar="CC" />
		</Unit>
		<Unit filename="src/save.c">
			<Option compilerVar="CC" />
		</Unit>
		<Unit filename="src/scan.c">
			<Option compilerVar="CC" />
		</Unit>
		<Unit filename="src/services/channels.c">
			<Option compilerVar="CC" />
		</Unit>
		<Unit filename="src/services/character_service.c">
			<Option compilerVar="CC" />
		</Unit>
		<Unit filename="src/services/follower_service.c">
			<Option compilerVar="CC" />
		</Unit>
		<Unit filename="src/services/object_service.c">
			<Option compilerVar="CC" />
		</Unit>
		<Unit filename="src/set.c">
			<Option compilerVar="CC" />
		</Unit>
		<Unit filename="src/skills.c">
			<Option compilerVar="CC" />
		</Unit>
		<Unit filename="src/socketio.c">
			<Option compilerVar="CC" />
		</Unit>
		<Unit filename="src/spells.c">
			<Option compilerVar="CC" />
		</Unit>
		<Unit filename="src/stat.c">
			<Option compilerVar="CC" />
		</Unit>
		<Unit filename="src/tables.c">
			<Option compilerVar="CC" />
		</Unit>
		<Unit filename="src/teleport.c">
			<Option compilerVar="CC" />
		</Unit>
		<Unit filename="src/temp.c">
			<Option compilerVar="CC" />
		</Unit>
		<Unit filename="src/unique.c">
			<Option compilerVar="CC" />
		</Unit>
		<Unit filename="src/update.c">
			<Option compilerVar="CC" />
		</Unit>
		<Unit filename="src/variant.c">
			<Option compilerVar="CC" />
		</Unit>
		<Unit filename="src/who.c">
			<Option compilerVar="CC" />
		</Unit>
		<Unit filename="sysinternals/librandom.c">
			<Option compilerVar="CC" />
		</Unit>
		<Unit filename="sysinternals/libstring.c">
			<Option compilerVar="CC" />
		</Unit>
		<Unit filename="sysinternals/libutils.c">
			<Option compilerVar="CC" />
		</Unit>
		<Extensions>
			<code_completion />
			<debugger />
		</Extensions>
	</Project>
</CodeBlocks_project_file>
